// !$*UTF8*$!
{
archiveVersion = 1; classes = {}; objectVersion = 56; objects = {
F308F138CFF5B68FE16D886E = { isa = PBXFileReference; lastKnownFileType = sourcecode.swift; path = "AIUsage/Providers/QuotaHTTPClient.swift"; sourceTree = SOURCE_ROOT; };
6EEAECA8D9EAD93BB82A98C8 = { isa = PBXBuildFile; fileRef = F308F138CFF5B68FE16D886E; };
E971FD69223490979A102060 = { isa = PBXFileReference; lastKnownFileType = sourcecode.swift; path = "AIUsage/Providers/ClaudeProvider.swift"; sourceTree = SOURCE_ROOT; };
4503D1EA7D484DB8299AB64C = { isa = PBXBuildFile; fileRef = E971FD69223490979A102060; };
BE57178A0207B04256A52CCF = { isa = PBXFileReference; lastKnownFileType = sourcecode.swift; path = "AIUsage/Providers/ClaudeDesktopCredentials.swift"; sourceTree = SOURCE_ROOT; };
6C16FDCBC6F9D7BAE10E194E = { isa = PBXBuildFile; fileRef = BE57178A0207B04256A52CCF; };
D1B7CD1FD7023CBE3D2EC122 = { isa = PBXFileReference; lastKnownFileType = sourcecode.swift; path = "AIUsage/Providers/AntigravityProvider.swift"; sourceTree = SOURCE_ROOT; };
7C2F6259FE9B6C6F647ED542 = { isa = PBXBuildFile; fileRef = D1B7CD1FD7023CBE3D2EC122; };
6910C45EF8351D44BE950AAD = { isa = PBXFileReference; lastKnownFileType = sourcecode.swift; path = "AIUsage/Utilities/FileLocations.swift"; sourceTree = SOURCE_ROOT; };
B759B66E71007BAF9BC8003D = { isa = PBXBuildFile; fileRef = 6910C45EF8351D44BE950AAD; };
19A6A5D63F24FDDD161F0BA5 = { isa = PBXFileReference; lastKnownFileType = sourcecode.swift; path = "AIUsage/Providers/CodexUsageParser.swift"; sourceTree = SOURCE_ROOT; };
9BA9676DC9793BDCD790BD41 = { isa = PBXBuildFile; fileRef = 19A6A5D63F24FDDD161F0BA5; };
B1B77703CA750E6B6ADE59CF = { isa = PBXFileReference; lastKnownFileType = sourcecode.swift; path = "AIUsage/Providers/CodexSessionReader.swift"; sourceTree = SOURCE_ROOT; };
A9A3EAE980B47FE22FF9477A = { isa = PBXBuildFile; fileRef = B1B77703CA750E6B6ADE59CF; };
4E2655AEE366E9DE725157FE = { isa = PBXFileReference; lastKnownFileType = sourcecode.swift; path = "AIUsage/Providers/CodexProvider.swift"; sourceTree = SOURCE_ROOT; };
95F7D4CC2D971A3E17A42341 = { isa = PBXBuildFile; fileRef = 4E2655AEE366E9DE725157FE; };
8F56886F7C290A6708625569 = { isa = PBXFileReference; lastKnownFileType = sourcecode.swift; path = "AIUsage/App/AIUsageApp.swift"; sourceTree = SOURCE_ROOT; };
7F8C6CA44AA2CF7AE515EC76 = { isa = PBXBuildFile; fileRef = 8F56886F7C290A6708625569; };
582F2709E68CC82A62B90FBF = { isa = PBXFileReference; lastKnownFileType = sourcecode.swift; path = "AIUsage/App/AppPreferences.swift"; sourceTree = SOURCE_ROOT; };
88ABB158370C0B44B78E119E = { isa = PBXBuildFile; fileRef = 582F2709E68CC82A62B90FBF; };
D6C723CB2EA275DF36381E93 = { isa = PBXFileReference; lastKnownFileType = sourcecode.swift; path = "AIUsage/App/UsageStore.swift"; sourceTree = SOURCE_ROOT; };
61B8AB1A955137088319E7B1 = { isa = PBXBuildFile; fileRef = D6C723CB2EA275DF36381E93; };
50E5310A39A3A95DFB0017D9 = { isa = PBXFileReference; lastKnownFileType = sourcecode.swift; path = "AIUsage/Models/ProviderState.swift"; sourceTree = SOURCE_ROOT; };
49A0C85F6D5CFBC304BDB5CE = { isa = PBXBuildFile; fileRef = 50E5310A39A3A95DFB0017D9; };
51B4642BF02A2FC7500DFB7D = { isa = PBXFileReference; lastKnownFileType = sourcecode.swift; path = "AIUsage/Models/ProviderType.swift"; sourceTree = SOURCE_ROOT; };
AAA036060C6B82FA1553C4F9 = { isa = PBXBuildFile; fileRef = 51B4642BF02A2FC7500DFB7D; };
5920C636C88D562B54A6807A = { isa = PBXFileReference; lastKnownFileType = sourcecode.swift; path = "AIUsage/Models/UsageBucket.swift"; sourceTree = SOURCE_ROOT; };
7AD520175C1DA7CB1AE29C20 = { isa = PBXBuildFile; fileRef = 5920C636C88D562B54A6807A; };
06BAB8DF19774A2EF3DCECAA = { isa = PBXFileReference; lastKnownFileType = sourcecode.swift; path = "AIUsage/Models/UsageSnapshot.swift"; sourceTree = SOURCE_ROOT; };
7DE3A99FF570FA00CA9E21B0 = { isa = PBXBuildFile; fileRef = 06BAB8DF19774A2EF3DCECAA; };
D1264DEF6E98DF544E56B809 = { isa = PBXFileReference; lastKnownFileType = sourcecode.swift; path = "AIUsage/Providers/MockUsageProvider.swift"; sourceTree = SOURCE_ROOT; };
D9C166188EA1ADFB190488A0 = { isa = PBXBuildFile; fileRef = D1264DEF6E98DF544E56B809; };
3E05F4BDC8D18FD552155F2C = { isa = PBXFileReference; lastKnownFileType = sourcecode.swift; path = "AIUsage/Providers/UsageProvider.swift"; sourceTree = SOURCE_ROOT; };
1027B9FCFE620087F81CBF15 = { isa = PBXBuildFile; fileRef = 3E05F4BDC8D18FD552155F2C; };
392804A154AF7975212456B5 = { isa = PBXFileReference; lastKnownFileType = sourcecode.swift; path = "AIUsage/Services/UsageService.swift"; sourceTree = SOURCE_ROOT; };
590AF27B65D66081531B8BD0 = { isa = PBXBuildFile; fileRef = 392804A154AF7975212456B5; };
191C4964FA2EE073087CD4D8 = { isa = PBXFileReference; lastKnownFileType = sourcecode.swift; path = "AIUsage/Utilities/UsageFormatting.swift"; sourceTree = SOURCE_ROOT; };
9AB0262DFB8F3AA8D7AF17A0 = { isa = PBXBuildFile; fileRef = 191C4964FA2EE073087CD4D8; };
709C34503F87F14745328739 = { isa = PBXFileReference; lastKnownFileType = sourcecode.swift; path = "AIUsage/Views/AntigravityDetailView.swift"; sourceTree = SOURCE_ROOT; };
FA028256DC2247D46E4EE38E = { isa = PBXBuildFile; fileRef = 709C34503F87F14745328739; };
EAECCB37F7E24A68F49DCD8A = { isa = PBXFileReference; lastKnownFileType = sourcecode.swift; path = "AIUsage/Views/MenuBarView.swift"; sourceTree = SOURCE_ROOT; };
7F3D55E64DB90CCA9F17C633 = { isa = PBXBuildFile; fileRef = EAECCB37F7E24A68F49DCD8A; };
B224DC66D8DCC1F691B265BF = { isa = PBXFileReference; lastKnownFileType = sourcecode.swift; path = "AIUsage/Views/ProviderCard.swift"; sourceTree = SOURCE_ROOT; };
D076A67BB05D4EDE57F40BDE = { isa = PBXBuildFile; fileRef = B224DC66D8DCC1F691B265BF; };
9EB0E8816391361AE4048344 = { isa = PBXFileReference; lastKnownFileType = sourcecode.swift; path = "AIUsage/Views/SettingsView.swift"; sourceTree = SOURCE_ROOT; };
64C91236A7A61309B54FB79E = { isa = PBXBuildFile; fileRef = 9EB0E8816391361AE4048344; };
2DF1CD636C2B9840B4842AC9 = { isa = PBXFileReference; lastKnownFileType = sourcecode.swift; path = "AIUsage/Views/UsageRing.swift"; sourceTree = SOURCE_ROOT; };
AA9801912B600DD64C83F0BA = { isa = PBXBuildFile; fileRef = 2DF1CD636C2B9840B4842AC9; };
38A007151ABE87CC01A5B6E9 = { isa = PBXFileReference; explicitFileType = wrapper.application; path = "AI Usage.app"; sourceTree = BUILT_PRODUCTS_DIR; };
0112DAE3F84CB4DF5179BE01 = { isa = PBXFileReference; lastKnownFileType = text.plist.xml; path = AIUsage/Resources/Info.plist; sourceTree = SOURCE_ROOT; };
FC4A695F02A8A53A129DCB9A = { isa = PBXGroup; children = (8F56886F7C290A6708625569, 582F2709E68CC82A62B90FBF, D6C723CB2EA275DF36381E93,); name = App; sourceTree = "<group>"; };
F3798F81C7B6FECAD2CBFEC7 = { isa = PBXGroup; children = (50E5310A39A3A95DFB0017D9, 51B4642BF02A2FC7500DFB7D, 5920C636C88D562B54A6807A, 06BAB8DF19774A2EF3DCECAA,); name = Models; sourceTree = "<group>"; };
87B7C08BAED1C8E93DB95B79 = { isa = PBXGroup; children = (F308F138CFF5B68FE16D886E, E971FD69223490979A102060, BE57178A0207B04256A52CCF, D1B7CD1FD7023CBE3D2EC122, 19A6A5D63F24FDDD161F0BA5, B1B77703CA750E6B6ADE59CF, 4E2655AEE366E9DE725157FE, D1264DEF6E98DF544E56B809, 3E05F4BDC8D18FD552155F2C,); name = Providers; sourceTree = "<group>"; };
5CBD584046863BC7B753E57E = { isa = PBXGroup; children = (392804A154AF7975212456B5,); name = Services; sourceTree = "<group>"; };
24BE61285E096FA817D4CDB0 = { isa = PBXGroup; children = (709C34503F87F14745328739, EAECCB37F7E24A68F49DCD8A, B224DC66D8DCC1F691B265BF, 9EB0E8816391361AE4048344, 2DF1CD636C2B9840B4842AC9,); name = Views; sourceTree = "<group>"; };
18FDC5EE8B1F8FBA8DABAA93 = { isa = PBXGroup; children = (6910C45EF8351D44BE950AAD, 191C4964FA2EE073087CD4D8,); name = Utilities; sourceTree = "<group>"; };
87DF60DE337FB58864343E39 = { isa = PBXGroup; children = (0112DAE3F84CB4DF5179BE01,); name = Resources; sourceTree = "<group>"; };
FE0A091FDBFB3E9C31B7A1BD = { isa = PBXGroup; children = (38A007151ABE87CC01A5B6E9,); name = Products; sourceTree = "<group>"; };
DC76E9F0C0006E8F919E0C51 = { isa = PBXGroup; children = (FC4A695F02A8A53A129DCB9A, F3798F81C7B6FECAD2CBFEC7, 87B7C08BAED1C8E93DB95B79, 5CBD584046863BC7B753E57E, 24BE61285E096FA817D4CDB0, 18FDC5EE8B1F8FBA8DABAA93, 87DF60DE337FB58864343E39, FE0A091FDBFB3E9C31B7A1BD,); sourceTree = "<group>"; };
BCE16DD0260827ECF338C787 = { isa = PBXSourcesBuildPhase; buildActionMask = 2147483647; files = (6EEAECA8D9EAD93BB82A98C8, 4503D1EA7D484DB8299AB64C, 6C16FDCBC6F9D7BAE10E194E, 7C2F6259FE9B6C6F647ED542, B759B66E71007BAF9BC8003D, 9BA9676DC9793BDCD790BD41, A9A3EAE980B47FE22FF9477A, 95F7D4CC2D971A3E17A42341, 7F8C6CA44AA2CF7AE515EC76, 88ABB158370C0B44B78E119E, 61B8AB1A955137088319E7B1, 49A0C85F6D5CFBC304BDB5CE, AAA036060C6B82FA1553C4F9, 7AD520175C1DA7CB1AE29C20, 7DE3A99FF570FA00CA9E21B0, D9C166188EA1ADFB190488A0, 1027B9FCFE620087F81CBF15, 590AF27B65D66081531B8BD0, 9AB0262DFB8F3AA8D7AF17A0, FA028256DC2247D46E4EE38E, 7F3D55E64DB90CCA9F17C633, D076A67BB05D4EDE57F40BDE, 64C91236A7A61309B54FB79E, AA9801912B600DD64C83F0BA,); runOnlyForDeploymentPostprocessing = 0; };
7561BFB015D8F536760CB671 = { isa = PBXFrameworksBuildPhase; buildActionMask = 2147483647; files = (); runOnlyForDeploymentPostprocessing = 0; };
0189424A5A60FED329FA868E = { isa = PBXResourcesBuildPhase; buildActionMask = 2147483647; files = (); runOnlyForDeploymentPostprocessing = 0; };
89E1FD6268CC0F221A2BE178 = { isa = XCBuildConfiguration; buildSettings = { MACOSX_DEPLOYMENT_TARGET = 14.0; SDKROOT = macosx; SWIFT_VERSION = 6.0; SWIFT_STRICT_CONCURRENCY = complete; CLANG_ENABLE_MODULES = YES; SWIFT_OPTIMIZATION_LEVEL = "-Onone"; DEBUG_INFORMATION_FORMAT = dwarf; SWIFT_ACTIVE_COMPILATION_CONDITIONS = "DEBUG $(inherited)"; }; name = Debug; };
E6DE6C99132752C914FEF632 = { isa = XCBuildConfiguration; buildSettings = { MACOSX_DEPLOYMENT_TARGET = 14.0; SDKROOT = macosx; SWIFT_VERSION = 6.0; SWIFT_STRICT_CONCURRENCY = complete; CLANG_ENABLE_MODULES = YES; SWIFT_OPTIMIZATION_LEVEL = "-O"; DEBUG_INFORMATION_FORMAT = "dwarf-with-dsym"; }; name = Release; };
862894B703A6DEDF96A9DD6C = { isa = XCConfigurationList; buildConfigurations = (89E1FD6268CC0F221A2BE178, E6DE6C99132752C914FEF632,); defaultConfigurationIsVisible = 0; defaultConfigurationName = Release; };
7082CC0B6FC1282FCEABD07A = { isa = XCBuildConfiguration; buildSettings = { MACOSX_DEPLOYMENT_TARGET = 14.0; SDKROOT = macosx; SWIFT_VERSION = 6.0; SWIFT_STRICT_CONCURRENCY = complete; CLANG_ENABLE_MODULES = YES; SWIFT_OPTIMIZATION_LEVEL = "-Onone"; DEBUG_INFORMATION_FORMAT = dwarf; SWIFT_ACTIVE_COMPILATION_CONDITIONS = "DEBUG $(inherited)"; PRODUCT_NAME = "AI Usage"; EXECUTABLE_NAME = AIUsage; PRODUCT_BUNDLE_IDENTIFIER = local.aiusage.menubar; INFOPLIST_FILE = AIUsage/Resources/Info.plist; GENERATE_INFOPLIST_FILE = NO; ENABLE_APP_SANDBOX = NO; CODE_SIGN_IDENTITY = "-"; CODE_SIGN_STYLE = Manual; LD_RUNPATH_SEARCH_PATHS = "$(inherited) @executable_path/../Frameworks"; }; name = Debug; };
639A7CA24D39909E713B47F7 = { isa = XCBuildConfiguration; buildSettings = { MACOSX_DEPLOYMENT_TARGET = 14.0; SDKROOT = macosx; SWIFT_VERSION = 6.0; SWIFT_STRICT_CONCURRENCY = complete; CLANG_ENABLE_MODULES = YES; SWIFT_OPTIMIZATION_LEVEL = "-O"; DEBUG_INFORMATION_FORMAT = "dwarf-with-dsym"; PRODUCT_NAME = "AI Usage"; EXECUTABLE_NAME = AIUsage; PRODUCT_BUNDLE_IDENTIFIER = local.aiusage.menubar; INFOPLIST_FILE = AIUsage/Resources/Info.plist; GENERATE_INFOPLIST_FILE = NO; ENABLE_APP_SANDBOX = NO; CODE_SIGN_IDENTITY = "-"; CODE_SIGN_STYLE = Manual; LD_RUNPATH_SEARCH_PATHS = "$(inherited) @executable_path/../Frameworks"; }; name = Release; };
C57128001CE614BF8549D6BB = { isa = XCConfigurationList; buildConfigurations = (7082CC0B6FC1282FCEABD07A, 639A7CA24D39909E713B47F7,); defaultConfigurationIsVisible = 0; defaultConfigurationName = Release; };
0E8A3AD980EC179856012B7E = { isa = PBXNativeTarget; buildConfigurationList = C57128001CE614BF8549D6BB; buildPhases = (BCE16DD0260827ECF338C787, 7561BFB015D8F536760CB671, 0189424A5A60FED329FA868E,); buildRules = (); dependencies = (); name = AIUsage; productName = "AI Usage"; productReference = 38A007151ABE87CC01A5B6E9; productType = "com.apple.product-type.application"; };
98F54143AB4E86B28C3AFEE0 = { isa = PBXProject; attributes = { LastSwiftUpdateCheck = 1620; LastUpgradeCheck = 1620; }; buildConfigurationList = 862894B703A6DEDF96A9DD6C; compatibilityVersion = "Xcode 14.0"; developmentRegion = en; hasScannedForEncodings = 0; knownRegions = (en, Base); mainGroup = DC76E9F0C0006E8F919E0C51; productRefGroup = FE0A091FDBFB3E9C31B7A1BD; projectDirPath = ""; projectRoot = ""; targets = (0E8A3AD980EC179856012B7E,); };
}; rootObject = 98F54143AB4E86B28C3AFEE0;
}
